# THIS IS AN AUTOGENERATED FILE. DO NOT EDIT THIS FILE DIRECTLY.
# yarn lockfile v1


lodash@^4.0.0:
  version "4.17.4"
  resolved "https://registry.yarnpkg.com/lodash/-/lodash-4.17.4.tgz#78203a4d1c328ae1d86dca6460e369b57f4055ae"

node-nmap@^3.0.3:
  version "3.0.3"
  resolved "https://registry.yarnpkg.com/node-nmap/-/node-nmap-3.0.3.tgz#ca3c5c9000a95356860e7ecdef8acb1d2e23e174"
  dependencies:
    queued-up "^2.0.2"
    xml2js "^0.4.15"

queued-up@^2.0.2:
  version "2.0.2"
  resolved "https://registry.yarnpkg.com/queued-up/-/queued-up-2.0.2.tgz#1229dda95a96848fc432eca6b10ed86f55cd1686"

sax@>=0.6.0:
  version "1.2.2"
  resolved "https://registry.yarnpkg.com/sax/-/sax-1.2.2.tgz#fd8631a23bc7826bef5d871bdb87378c95647828"

xml2js@^0.4.15:
  version "0.4.17"
  resolved "https://registry.yarnpkg.com/xml2js/-/xml2js-0.4.17.tgz#17be93eaae3f3b779359c795b419705a8817e868"
  dependencies:
    sax ">=0.6.0"
    xmlbuilder "^4.1.0"

xmlbuilder@^4.1.0:
  version "4.2.1"
  resolved "https://registry.yarnpkg.com/xmlbuilder/-/xmlbuilder-4.2.1.tgz#aa58a3041a066f90eaa16c2f5389ff19f3f461a5"
  dependencies:
    lodash "^4.0.0"
